
Microsoft Visual Studio Solution File, Format Version 12.00
# Visual Studio Version 17
VisualStudioVersion = 17.5.002.0
MinimumVisualStudioVersion = 10.0.40219.1
Project("{9A19103F-16F7-4668-BE54-9A1E7A4F7556}") = "cardover", "cardover.csproj", "{3E49E37F-4D20-4B82-9A41-9D5CF6A8D5B2}"
EndProject
Global
	GlobalSection(SolutionConfigurationPlatforms) = preSolution
		Debug|Any CPU = Debug|Any CPU
		Release|Any CPU = Release|Any CPU
	EndGlobalSection
	GlobalSection(ProjectConfigurationPlatforms) = postSolution
		{3E49E37F-4D20-4B82-9A41-9D5CF6A8D5B2}.Debug|Any CPU.ActiveCfg = Debug|Any CPU
		{3E49E37F-4D20-4B82-9A41-9D5CF6A8D5B2}.Debug|Any CPU.Build.0 = Debug|Any CPU
		{3E49E37F-4D20-4B82-9A41-9D5CF6A8D5B2}.Release|Any CPU.ActiveCfg = Release|Any CPU
		{3E49E37F-4D20-4B82-9A41-9D5CF6A8D5B2}.Release|Any CPU.Build.0 = Release|Any CPU
	EndGlobalSection
	GlobalSection(SolutionProperties) = preSolution
		HideSolutionNode = FALSE
	EndGlobalSection
	GlobalSection(ExtensibilityGlobals) = postSolution
		SolutionGuid = {A2B6D201-DC14-4559-9005-9F85A68494DC}
	EndGlobalSection
EndGlobal
